// !$*UTF8*$!
{
	archiveVersion = 1;
	classes = {
	};
	objectVersion = 46;
	objects = {

/* Begin PBXBuildFile section */
		560A734219F6317000281C5A /* dispatch.pd in Resources */ = {isa = PBXBuildFile; fileRef = 560A732E19F6317000281C5A /* dispatch.pd */; };
		560A734319F6317000281C5A /* monopan.pd in Resources */ = {isa = PBXBuildFile; fileRef = 560A732F19F6317000281C5A /* monopan.pd */; };
		560A734419F6317000281C5A /* stereovol.pd in Resources */ = {isa = PBXBuildFile; fileRef = 560A733019F6317000281C5A /* stereovol.pd */; };
		560A734519F6317000281C5A /* volumeRandomise.pd in Resources */ = {isa = PBXBuildFile; fileRef = 560A733119F6317000281C5A /* volumeRandomise.pd */; };
		560A734619F6317000281C5A /* feedbackdelay.pd in Resources */ = {isa = PBXBuildFile; fileRef = 560A733319F6317000281C5A /* feedbackdelay.pd */; };
		560A734719F6317000281C5A /* pitchshift~.pd in Resources */ = {isa = PBXBuildFile; fileRef = 560A733419F6317000281C5A /* pitchshift~.pd */; };
		560A734819F6317000281C5A /* rev2~.pd in Resources */ = {isa = PBXBuildFile; fileRef = 560A733519F6317000281C5A /* rev2~.pd */; };
		560A734919F6317000281C5A /* rlop~.pd in Resources */ = {isa = PBXBuildFile; fileRef = 560A733619F6317000281C5A /* rlop~.pd */; };
		560A734D19F6317000281C5A /* loadMetaPdLibs.pd in Resources */ = {isa = PBXBuildFile; fileRef = 560A733B19F6317000281C5A /* loadMetaPdLibs.pd */; };
		560A734F19F6317000281C5A /* m_lydian.pd in Resources */ = {isa = PBXBuildFile; fileRef = 560A733E19F6317000281C5A /* m_lydian.pd */; };
		560A735019F6317000281C5A /* m_lydiansharp5.pd in Resources */ = {isa = PBXBuildFile; fileRef = 560A733F19F6317000281C5A /* m_lydiansharp5.pd */; };
		560A735119F6317000281C5A /* m_mixolydian.pd in Resources */ = {isa = PBXBuildFile; fileRef = 560A734019F6317000281C5A /* m_mixolydian.pd */; };
		560A735219F6317000281C5A /* m_phrygian.pd in Resources */ = {isa = PBXBuildFile; fileRef = 560A734119F6317000281C5A /* m_phrygian.pd */; };
		5616A59818FC132D0092983C /* SRWebSocket.m in Sources */ = {isa = PBXBuildFile; fileRef = 5616A59718FC132D0092983C /* SRWebSocket.m */; };
		5616A59C18FD1F080092983C /* libicucore.dylib in Frameworks */ = {isa = PBXBuildFile; fileRef = 5616A59B18FD1F080092983C /* libicucore.dylib */; };
		561CE01717882267009ECCFA /* ScaleMaker.m in Sources */ = {isa = PBXBuildFile; fileRef = 561CE01617882267009ECCFA /* ScaleMaker.m */; };
		5639BB8F18D15B0E00CD6759 /* F53OSCBundle.m in Sources */ = {isa = PBXBuildFile; fileRef = 5639BB6E18D15B0E00CD6759 /* F53OSCBundle.m */; };
		5639BB9018D15B0E00CD6759 /* F53OSCClient.m in Sources */ = {isa = PBXBuildFile; fileRef = 5639BB7018D15B0E00CD6759 /* F53OSCClient.m */; };
		5639BB9118D15B0E00CD6759 /* F53OSCMessage.m in Sources */ = {isa = PBXBuildFile; fileRef = 5639BB7318D15B0E00CD6759 /* F53OSCMessage.m */; };
		5639BB9218D15B0E00CD6759 /* F53OSCPacket.m in Sources */ = {isa = PBXBuildFile; fileRef = 5639BB7518D15B0E00CD6759 /* F53OSCPacket.m */; };
		5639BB9318D15B0E00CD6759 /* F53OSCParser.m in Sources */ = {isa = PBXBuildFile; fileRef = 5639BB7718D15B0E00CD6759 /* F53OSCParser.m */; };
		5639BB9418D15B0E00CD6759 /* F53OSCServer.m in Sources */ = {isa = PBXBuildFile; fileRef = 5639BB7A18D15B0E00CD6759 /* F53OSCServer.m */; };
		5639BB9518D15B0E00CD6759 /* F53OSCSocket.m in Sources */ = {isa = PBXBuildFile; fileRef = 5639BB7C18D15B0E00CD6759 /* F53OSCSocket.m */; };
		5639BB9618D15B0E00CD6759 /* F53OSCTimeTag.m in Sources */ = {isa = PBXBuildFile; fileRef = 5639BB7E18D15B0E00CD6759 /* F53OSCTimeTag.m */; };
		5639BB9718D15B0E00CD6759 /* GCDAsyncSocket.m in Sources */ = {isa = PBXBuildFile; fileRef = 5639BB8018D15B0E00CD6759 /* GCDAsyncSocket.m */; };
		5639BB9818D15B0E00CD6759 /* GCDAsyncUdpSocket.m in Sources */ = {isa = PBXBuildFile; fileRef = 5639BB8218D15B0E00CD6759 /* GCDAsyncUdpSocket.m */; };
		5639BB9A18D15B0E00CD6759 /* MetatoneNetworkManager.m in Sources */ = {isa = PBXBuildFile; fileRef = 5639BB8518D15B0E00CD6759 /* MetatoneNetworkManager.m */; };
		5639BB9B18D15B0E00CD6759 /* NSData+F53OSCBlob.m in Sources */ = {isa = PBXBuildFile; fileRef = 5639BB8718D15B0E00CD6759 /* NSData+F53OSCBlob.m */; };
		5639BB9C18D15B0E00CD6759 /* NSDate+F53OSCTimeTag.m in Sources */ = {isa = PBXBuildFile; fileRef = 5639BB8918D15B0E00CD6759 /* NSDate+F53OSCTimeTag.m */; };
		5639BB9D18D15B0E00CD6759 /* NSNumber+F53OSCNumber.m in Sources */ = {isa = PBXBuildFile; fileRef = 5639BB8B18D15B0E00CD6759 /* NSNumber+F53OSCNumber.m */; };
		5639BB9E18D15B0E00CD6759 /* NSString+F53OSCString.m in Sources */ = {isa = PBXBuildFile; fileRef = 5639BB8D18D15B0E00CD6759 /* NSString+F53OSCString.m */; };
		5639BB9F18D15B0E00CD6759 /* README.markdown in Resources */ = {isa = PBXBuildFile; fileRef = 5639BB8E18D15B0E00CD6759 /* README.markdown */; };
		563D136118A460C1009BF1A1 /* CFNetwork.framework in Frameworks */ = {isa = PBXBuildFile; fileRef = 563D136018A460C1009BF1A1 /* CFNetwork.framework */; };
		563D136318A46363009BF1A1 /* Security.framework in Frameworks */ = {isa = PBXBuildFile; fileRef = 563D136218A46363009BF1A1 /* Security.framework */; };
		563D5B5919A4490000AE859C /* slicesampler.pd in Resources */ = {isa = PBXBuildFile; fileRef = 563D5B5819A4490000AE859C /* slicesampler.pd */; };
		564F58D819F4A66600BF22D3 /* MetatoneMidiManager.m in Sources */ = {isa = PBXBuildFile; fileRef = 564F58CE19F4A66600BF22D3 /* MetatoneMidiManager.m */; };
		564F58D919F4A66600BF22D3 /* PGMidi.mm in Sources */ = {isa = PBXBuildFile; fileRef = 564F58D119F4A66600BF22D3 /* PGMidi.mm */; };
		564F58DA19F4A66600BF22D3 /* PGMidiAllSources.mm in Sources */ = {isa = PBXBuildFile; fileRef = 564F58D319F4A66600BF22D3 /* PGMidiAllSources.mm */; };
		564F58DB19F4A66600BF22D3 /* PGMidiFind.mm in Sources */ = {isa = PBXBuildFile; fileRef = 564F58D519F4A66600BF22D3 /* PGMidiFind.mm */; };
		565601DE1711957D00E819A3 /* UIKit.framework in Frameworks */ = {isa = PBXBuildFile; fileRef = 565601DD1711957D00E819A3 /* UIKit.framework */; };
		565601E01711957D00E819A3 /* Foundation.framework in Frameworks */ = {isa = PBXBuildFile; fileRef = 565601DF1711957D00E819A3 /* Foundation.framework */; };
		565601E21711957D00E819A3 /* CoreGraphics.framework in Frameworks */ = {isa = PBXBuildFile; fileRef = 565601E11711957D00E819A3 /* CoreGraphics.framework */; };
		565601E81711957D00E819A3 /* InfoPlist.strings in Resources */ = {isa = PBXBuildFile; fileRef = 565601E61711957D00E819A3 /* InfoPlist.strings */; };
		565601EA1711957D00E819A3 /* main.m in Sources */ = {isa = PBXBuildFile; fileRef = 565601E91711957D00E819A3 /* main.m */; };
		565601EE1711957D00E819A3 /* MetatoneAppDelegate.m in Sources */ = {isa = PBXBuildFile; fileRef = 565601ED1711957D00E819A3 /* MetatoneAppDelegate.m */; };
		565601FA1711957D00E819A3 /* MainStoryboard_iPad.storyboard in Resources */ = {isa = PBXBuildFile; fileRef = 565601F81711957D00E819A3 /* MainStoryboard_iPad.storyboard */; };
		565601FD1711957D00E819A3 /* MetatoneViewController.m in Sources */ = {isa = PBXBuildFile; fileRef = 565601FC1711957D00E819A3 /* MetatoneViewController.m */; };
		565602051711957D00E819A3 /* SenTestingKit.framework in Frameworks */ = {isa = PBXBuildFile; fileRef = 565602041711957D00E819A3 /* SenTestingKit.framework */; };
		565602061711957D00E819A3 /* UIKit.framework in Frameworks */ = {isa = PBXBuildFile; fileRef = 565601DD1711957D00E819A3 /* UIKit.framework */; };
		565602071711957D00E819A3 /* Foundation.framework in Frameworks */ = {isa = PBXBuildFile; fileRef = 565601DF1711957D00E819A3 /* Foundation.framework */; };
		5656020F1711957D00E819A3 /* InfoPlist.strings in Resources */ = {isa = PBXBuildFile; fileRef = 5656020D1711957D00E819A3 /* InfoPlist.strings */; };
		565602121711957D00E819A3 /* MetatoneTests.m in Sources */ = {isa = PBXBuildFile; fileRef = 565602111711957D00E819A3 /* MetatoneTests.m */; };
		5673A94A19EF510100B0ACDF /* CoreMIDI.framework in Frameworks */ = {isa = PBXBuildFile; fileRef = 5673A94919EF510100B0ACDF /* CoreMIDI.framework */; };
		567421A019A2FE7600777232 /* hillpath.jpg in Resources */ = {isa = PBXBuildFile; fileRef = 5674219F19A2FE7600777232 /* hillpath.jpg */; };
		567421A419A31B7E00777232 /* lowblock.wav in Resources */ = {isa = PBXBuildFile; fileRef = 567421A319A31B7E00777232 /* lowblock.wav */; };
		568B4E7C18341DA5005356A7 /* doodoodoodoo.wav in Resources */ = {isa = PBXBuildFile; fileRef = 568B4E7818341DA5005356A7 /* doodoodoodoo.wav */; };
		568B4E7D18341DA5005356A7 /* whirpwhirp.wav in Resources */ = {isa = PBXBuildFile; fileRef = 568B4E7918341DA5005356A7 /* whirpwhirp.wav */; };
		568B4E7E18341DA5005356A7 /* xylo-C.wav in Resources */ = {isa = PBXBuildFile; fileRef = 568B4E7A18341DA5005356A7 /* xylo-C.wav */; };
		568B4E7F18341DA5005356A7 /* yelpyelpyelp.wav in Resources */ = {isa = PBXBuildFile; fileRef = 568B4E7B18341DA5005356A7 /* yelpyelpyelp.wav */; };
		56A0D8DF19EF89BB00CEF76C /* Launch Screen.xib in Resources */ = {isa = PBXBuildFile; fileRef = 56A0D8DE19EF89BB00CEF76C /* Launch Screen.xib */; };
		56BD3FBA1712FA5E004FBB65 /* libpd-ios.a in Frameworks */ = {isa = PBXBuildFile; fileRef = 56BD3FB71712FA4C004FBB65 /* libpd-ios.a */; };
		56BD3FBE1712FAA3004FBB65 /* AudioToolbox.framework in Frameworks */ = {isa = PBXBuildFile; fileRef = 56BD3FBD1712FAA3004FBB65 /* AudioToolbox.framework */; };
		56BD3FC01712FAAA004FBB65 /* AVFoundation.framework in Frameworks */ = {isa = PBXBuildFile; fileRef = 56BD3FBF1712FAAA004FBB65 /* AVFoundation.framework */; };
		56BEC48018095F8500D2C201 /* arraysize.c in Sources */ = {isa = PBXBuildFile; fileRef = 56BEC2FA18095F8300D2C201 /* arraysize.c */; settings = {COMPILER_FLAGS = "-DPD -fno-objc-arc"; }; };
		56BEC48218095F8500D2C201 /* birdsnestsounds.pd in Resources */ = {isa = PBXBuildFile; fileRef = 56BEC2FC18095F8300D2C201 /* birdsnestsounds.pd */; };
		56BEC48318095F8500D2C201 /* percsampler.pd in Resources */ = {isa = PBXBuildFile; fileRef = 56BEC2FD18095F8300D2C201 /* percsampler.pd */; };
		56BEC48418095F8500D2C201 /* ainsliebirds1.wav in Resources */ = {isa = PBXBuildFile; fileRef = 56BEC2FF18095F8300D2C201 /* ainsliebirds1.wav */; };
		56BEC48518095F8500D2C201 /* ainsliebirds2.wav in Resources */ = {isa = PBXBuildFile; fileRef = 56BEC30018095F8300D2C201 /* ainsliebirds2.wav */; };
		56BEC48618095F8500D2C201 /* ainsliebirds3.wav in Resources */ = {isa = PBXBuildFile; fileRef = 56BEC30118095F8300D2C201 /* ainsliebirds3.wav */; };
		56BEC48718095F8500D2C201 /* cabinbirds1.wav in Resources */ = {isa = PBXBuildFile; fileRef = 56BEC30218095F8300D2C201 /* cabinbirds1.wav */; };
		56BEC48818095F8500D2C201 /* cabinbirds2.wav in Resources */ = {isa = PBXBuildFile; fileRef = 56BEC30318095F8300D2C201 /* cabinbirds2.wav */; };
		56BEC48918095F8500D2C201 /* cabinbirds3.wav in Resources */ = {isa = PBXBuildFile; fileRef = 56BEC30418095F8300D2C201 /* cabinbirds3.wav */; };
		56BEC48A18095F8500D2C201 /* drips1.wav in Resources */ = {isa = PBXBuildFile; fileRef = 56BEC30518095F8300D2C201 /* drips1.wav */; };
		56BEC48B18095F8500D2C201 /* drips2.wav in Resources */ = {isa = PBXBuildFile; fileRef = 56BEC30618095F8300D2C201 /* drips2.wav */; };
		56BEC48C18095F8500D2C201 /* forestfloor1.wav in Resources */ = {isa = PBXBuildFile; fileRef = 56BEC30718095F8300D2C201 /* forestfloor1.wav */; };
		56BEC48D18095F8500D2C201 /* forestfloor2.wav in Resources */ = {isa = PBXBuildFile; fileRef = 56BEC30818095F8300D2C201 /* forestfloor2.wav */; };
		56BEC48E18095F8500D2C201 /* forestfloor3.wav in Resources */ = {isa = PBXBuildFile; fileRef = 56BEC30918095F8300D2C201 /* forestfloor3.wav */; };
		56BEC48F18095F8500D2C201 /* piteabirds.wav in Resources */ = {isa = PBXBuildFile; fileRef = 56BEC30A18095F8300D2C201 /* piteabirds.wav */; };
		56BEC49018095F8500D2C201 /* stream.wav in Resources */ = {isa = PBXBuildFile; fileRef = 56BEC30B18095F8300D2C201 /* stream.wav */; };
		56BEC5FC18095F8500D2C201 /* cpmlooper.pd in Resources */ = {isa = PBXBuildFile; fileRef = 56BEC47A18095F8500D2C201 /* cpmlooper.pd */; };
		56BEC6041809640200D2C201 /* forest.jpg in Resources */ = {isa = PBXBuildFile; fileRef = 56BEC6011809640200D2C201 /* forest.jpg */; };
		56BEC6051809640200D2C201 /* path.jpg in Resources */ = {isa = PBXBuildFile; fileRef = 56BEC6021809640200D2C201 /* path.jpg */; };
		56BEC6061809640200D2C201 /* treetops.jpg in Resources */ = {isa = PBXBuildFile; fileRef = 56BEC6031809640200D2C201 /* treetops.jpg */; };
		56BEC608180967C500D2C201 /* Images.xcassets in Resources */ = {isa = PBXBuildFile; fileRef = 56BEC607180967C500D2C201 /* Images.xcassets */; };
		56BEC60A18096AD000D2C201 /* crotale-C.wav in Resources */ = {isa = PBXBuildFile; fileRef = 56BEC60918096AD000D2C201 /* crotale-C.wav */; };
		56D9F2ED171E2EF100B28B75 /* LoopingNote.m in Sources */ = {isa = PBXBuildFile; fileRef = 56D9F2EC171E2EF100B28B75 /* LoopingNote.m */; };
		56D9F2F6171E592600B28B75 /* MetatoneTouchView.m in Sources */ = {isa = PBXBuildFile; fileRef = 56D9F2F5171E592600B28B75 /* MetatoneTouchView.m */; };
		56D9F2F8171E79A200B28B75 /* QuartzCore.framework in Frameworks */ = {isa = PBXBuildFile; fileRef = 56D9F2F7171E79A200B28B75 /* QuartzCore.framework */; };
/* End PBXBuildFile section */

/* Begin PBXContainerItemProxy section */
		565602081711957D00E819A3 /* PBXContainerItemProxy */ = {
			isa = PBXContainerItemProxy;
			containerPortal = 565601D21711957D00E819A3 /* Project object */;
			proxyType = 1;
			remoteGlobalIDString = 565601D91711957D00E819A3;
			remoteInfo = Metatone;
		};
		56BD3FB61712FA4C004FBB65 /* PBXContainerItemProxy */ = {
			isa = PBXContainerItemProxy;
			containerPortal = 56BD3FB11712FA4C004FBB65 /* libpd.xcodeproj */;
			proxyType = 2;
			remoteGlobalIDString = D2AAC07E0554694100DB518D;
			remoteInfo = "libpd-ios";
		};
		56BD3FB81712FA4C004FBB65 /* PBXContainerItemProxy */ = {
			isa = PBXContainerItemProxy;
			containerPortal = 56BD3FB11712FA4C004FBB65 /* libpd.xcodeproj */;
			proxyType = 2;
			remoteGlobalIDString = 119013AB1486450C00086F19;
			remoteInfo = "libpd-osx";
		};
/* End PBXContainerItemProxy section */

/* Begin PBXFileReference section */
		560A732E19F6317000281C5A /* dispatch.pd */ = {isa = PBXFileReference; fileEncoding = 4; lastKnownFileType = text; path = dispatch.pd; sourceTree = "<group>"; };
		560A732F19F6317000281C5A /* monopan.pd */ = {isa = PBXFileReference; fileEncoding = 4; lastKnownFileType = text; path = monopan.pd; sourceTree = "<group>"; };
		560A733019F6317000281C5A /* stereovol.pd */ = {isa = PBXFileReference; fileEncoding = 4; lastKnownFileType = text; path = stereovol.pd; sourceTree = "<group>"; };
		560A733119F6317000281C5A /* volumeRandomise.pd */ = {isa = PBXFileReference; fileEncoding = 4; lastKnownFileType = text; path = volumeRandomise.pd; sourceTree = "<group>"; };
		560A733319F6317000281C5A /* feedbackdelay.pd */ = {isa = PBXFileReference; fileEncoding = 4; lastKnownFileType = text; path = feedbackdelay.pd; sourceTree = "<group>"; };
		560A733419F6317000281C5A /* pitchshift~.pd */ = {isa = PBXFileReference; fileEncoding = 4; lastKnownFileType = text; path = "pitchshift~.pd"; sourceTree = "<group>"; };
		560A733519F6317000281C5A /* rev2~.pd */ = {isa = PBXFileReference; fileEncoding = 4; lastKnownFileType = text; path = "rev2~.pd"; sourceTree = "<group>"; };
		560A733619F6317000281C5A /* rlop~.pd */ = {isa = PBXFileReference; fileEncoding = 4; lastKnownFileType = text; path = "rlop~.pd"; sourceTree = "<group>"; };
		560A733B19F6317000281C5A /* loadMetaPdLibs.pd */ = {isa = PBXFileReference; fileEncoding = 4; lastKnownFileType = text; path = loadMetaPdLibs.pd; sourceTree = "<group>"; };
		560A733E19F6317000281C5A /* m_lydian.pd */ = {isa = PBXFileReference; fileEncoding = 4; lastKnownFileType = text; path = m_lydian.pd; sourceTree = "<group>"; };
		560A733F19F6317000281C5A /* m_lydiansharp5.pd */ = {isa = PBXFileReference; fileEncoding = 4; lastKnownFileType = text; path = m_lydiansharp5.pd; sourceTree = "<group>"; };
		560A734019F6317000281C5A /* m_mixolydian.pd */ = {isa = PBXFileReference; fileEncoding = 4; lastKnownFileType = text; path = m_mixolydian.pd; sourceTree = "<group>"; };
		560A734119F6317000281C5A /* m_phrygian.pd */ = {isa = PBXFileReference; fileEncoding = 4; lastKnownFileType = text; path = m_phrygian.pd; sourceTree = "<group>"; };
		5616A59518FC132D0092983C /* SocketRocket-Prefix.pch */ = {isa = PBXFileReference; fileEncoding = 4; lastKnownFileType = sourcecode.c.h; path = "SocketRocket-Prefix.pch"; sourceTree = "<group>"; };
		5616A59618FC132D0092983C /* SRWebSocket.h */ = {isa = PBXFileReference; fileEncoding = 4; lastKnownFileType = sourcecode.c.h; path = SRWebSocket.h; sourceTree = "<group>"; };
		5616A59718FC132D0092983C /* SRWebSocket.m */ = {isa = PBXFileReference; fileEncoding = 4; lastKnownFileType = sourcecode.c.objc; path = SRWebSocket.m; sourceTree = "<group>"; };
		5616A59B18FD1F080092983C /* libicucore.dylib */ = {isa = PBXFileReference; lastKnownFileType = "compiled.mach-o.dylib"; name = libicucore.dylib; path = usr/lib/libicucore.dylib; sourceTree = SDKROOT; };
		561CE01517882267009ECCFA /* ScaleMaker.h */ = {isa = PBXFileReference; fileEncoding = 4; lastKnownFileType = sourcecode.c.h; path = ScaleMaker.h; sourceTree = "<group>"; };
		561CE01617882267009ECCFA /* ScaleMaker.m */ = {isa = PBXFileReference; fileEncoding = 4; lastKnownFileType = sourcecode.c.objc; path = ScaleMaker.m; sourceTree = "<group>"; };
		5639BB6C18D15B0E00CD6759 /* F53OSC.h */ = {isa = PBXFileReference; fileEncoding = 4; lastKnownFileType = sourcecode.c.h; path = F53OSC.h; sourceTree = "<group>"; };
		5639BB6D18D15B0E00CD6759 /* F53OSCBundle.h */ = {isa = PBXFileReference; fileEncoding = 4; lastKnownFileType = sourcecode.c.h; path = F53OSCBundle.h; sourceTree = "<group>"; };
		5639BB6E18D15B0E00CD6759 /* F53OSCBundle.m */ = {isa = PBXFileReference; fileEncoding = 4; lastKnownFileType = sourcecode.c.objc; path = F53OSCBundle.m; sourceTree = "<group>"; };
		5639BB6F18D15B0E00CD6759 /* F53OSCClient.h */ = {isa = PBXFileReference; fileEncoding = 4; lastKnownFileType = sourcecode.c.h; path = F53OSCClient.h; sourceTree = "<group>"; };
		5639BB7018D15B0E00CD6759 /* F53OSCClient.m */ = {isa = PBXFileReference; fileEncoding = 4; lastKnownFileType = sourcecode.c.objc; path = F53OSCClient.m; sourceTree = "<group>"; };
		5639BB7118D15B0E00CD6759 /* F53OSCFoundationAdditions.h */ = {isa = PBXFileReference; fileEncoding = 4; lastKnownFileType = sourcecode.c.h; path = F53OSCFoundationAdditions.h; sourceTree = "<group>"; };
		5639BB7218D15B0E00CD6759 /* F53OSCMessage.h */ = {isa = PBXFileReference; fileEncoding = 4; lastKnownFileType = sourcecode.c.h; path = F53OSCMessage.h; sourceTree = "<group>"; };
		5639BB7318D15B0E00CD6759 /* F53OSCMessage.m */ = {isa = PBXFileReference; fileEncoding = 4; lastKnownFileType = sourcecode.c.objc; path = F53OSCMessage.m; sourceTree = "<group>"; };
		5639BB7418D15B0E00CD6759 /* F53OSCPacket.h */ = {isa = PBXFileReference; fileEncoding = 4; lastKnownFileType = sourcecode.c.h; path = F53OSCPacket.h; sourceTree = "<group>"; };
		5639BB7518D15B0E00CD6759 /* F53OSCPacket.m */ = {isa = PBXFileReference; fileEncoding = 4; lastKnownFileType = sourcecode.c.objc; path = F53OSCPacket.m; sourceTree = "<group>"; };
		5639BB7618D15B0E00CD6759 /* F53OSCParser.h */ = {isa = PBXFileReference; fileEncoding = 4; lastKnownFileType = sourcecode.c.h; path = F53OSCParser.h; sourceTree = "<group>"; };
		5639BB7718D15B0E00CD6759 /* F53OSCParser.m */ = {isa = PBXFileReference; fileEncoding = 4; lastKnownFileType = sourcecode.c.objc; path = F53OSCParser.m; sourceTree = "<group>"; };
		5639BB7818D15B0E00CD6759 /* F53OSCProtocols.h */ = {isa = PBXFileReference; fileEncoding = 4; lastKnownFileType = sourcecode.c.h; path = F53OSCProtocols.h; sourceTree = "<group>"; };
		5639BB7918D15B0E00CD6759 /* F53OSCServer.h */ = {isa = PBXFileReference; fileEncoding = 4; lastKnownFileType = sourcecode.c.h; path = F53OSCServer.h; sourceTree = "<group>"; };
		5639BB7A18D15B0E00CD6759 /* F53OSCServer.m */ = {isa = PBXFileReference; fileEncoding = 4; lastKnownFileType = sourcecode.c.objc; path = F53OSCServer.m; sourceTree = "<group>"; };
		5639BB7B18D15B0E00CD6759 /* F53OSCSocket.h */ = {isa = PBXFileReference; fileEncoding = 4; lastKnownFileType = sourcecode.c.h; path = F53OSCSocket.h; sourceTree = "<group>"; };
		5639BB7C18D15B0E00CD6759 /* F53OSCSocket.m */ = {isa = PBXFileReference; fileEncoding = 4; lastKnownFileType = sourcecode.c.objc; path = F53OSCSocket.m; sourceTree = "<group>"; };
		5639BB7D18D15B0E00CD6759 /* F53OSCTimeTag.h */ = {isa = PBXFileReference; fileEncoding = 4; lastKnownFileType = sourcecode.c.h; path = F53OSCTimeTag.h; sourceTree = "<group>"; };
		5639BB7E18D15B0E00CD6759 /* F53OSCTimeTag.m */ = {isa = PBXFileReference; fileEncoding = 4; lastKnownFileType = sourcecode.c.objc; path = F53OSCTimeTag.m; sourceTree = "<group>"; };
		5639BB7F18D15B0E00CD6759 /* GCDAsyncSocket.h */ = {isa = PBXFileReference; fileEncoding = 4; lastKnownFileType = sourcecode.c.h; path = GCDAsyncSocket.h; sourceTree = "<group>"; };
		5639BB8018D15B0E00CD6759 /* GCDAsyncSocket.m */ = {isa = PBXFileReference; fileEncoding = 4; lastKnownFileType = sourcecode.c.objc; path = GCDAsyncSocket.m; sourceTree = "<group>"; };
		5639BB8118D15B0E00CD6759 /* GCDAsyncUdpSocket.h */ = {isa = PBXFileReference; fileEncoding = 4; lastKnownFileType = sourcecode.c.h; path = GCDAsyncUdpSocket.h; sourceTree = "<group>"; };
		5639BB8218D15B0E00CD6759 /* GCDAsyncUdpSocket.m */ = {isa = PBXFileReference; fileEncoding = 4; lastKnownFileType = sourcecode.c.objc; path = GCDAsyncUdpSocket.m; sourceTree = "<group>"; };
		5639BB8418D15B0E00CD6759 /* MetatoneNetworkManager.h */ = {isa = PBXFileReference; fileEncoding = 4; lastKnownFileType = sourcecode.c.h; path = MetatoneNetworkManager.h; sourceTree = "<group>"; };
		5639BB8518D15B0E00CD6759 /* MetatoneNetworkManager.m */ = {isa = PBXFileReference; fileEncoding = 4; lastKnownFileType = sourcecode.c.objc; path = MetatoneNetworkManager.m; sourceTree = "<group>"; };
		5639BB8618D15B0E00CD6759 /* NSData+F53OSCBlob.h */ = {isa = PBXFileReference; fileEncoding = 4; lastKnownFileType = sourcecode.c.h; path = "NSData+F53OSCBlob.h"; sourceTree = "<group>"; };
		5639BB8718D15B0E00CD6759 /* NSData+F53OSCBlob.m */ = {isa = PBXFileReference; fileEncoding = 4; lastKnownFileType = sourcecode.c.objc; path = "NSData+F53OSCBlob.m"; sourceTree = "<group>"; };
		5639BB8818D15B0E00CD6759 /* NSDate+F53OSCTimeTag.h */ = {isa = PBXFileReference; fileEncoding = 4; lastKnownFileType = sourcecode.c.h; path = "NSDate+F53OSCTimeTag.h"; sourceTree = "<group>"; };
		5639BB8918D15B0E00CD6759 /* NSDate+F53OSCTimeTag.m */ = {isa = PBXFileReference; fileEncoding = 4; lastKnownFileType = sourcecode.c.objc; path = "NSDate+F53OSCTimeTag.m"; sourceTree = "<group>"; };
		5639BB8A18D15B0E00CD6759 /* NSNumber+F53OSCNumber.h */ = {isa = PBXFileReference; fileEncoding = 4; lastKnownFileType = sourcecode.c.h; path = "NSNumber+F53OSCNumber.h"; sourceTree = "<group>"; };
		5639BB8B18D15B0E00CD6759 /* NSNumber+F53OSCNumber.m */ = {isa = PBXFileReference; fileEncoding = 4; lastKnownFileType = sourcecode.c.objc; path = "NSNumber+F53OSCNumber.m"; sourceTree = "<group>"; };
		5639BB8C18D15B0E00CD6759 /* NSString+F53OSCString.h */ = {isa = PBXFileReference; fileEncoding = 4; lastKnownFileType = sourcecode.c.h; path = "NSString+F53OSCString.h"; sourceTree = "<group>"; };
		5639BB8D18D15B0E00CD6759 /* NSString+F53OSCString.m */ = {isa = PBXFileReference; fileEncoding = 4; lastKnownFileType = sourcecode.c.objc; path = "NSString+F53OSCString.m"; sourceTree = "<group>"; };
		5639BB8E18D15B0E00CD6759 /* README.markdown */ = {isa = PBXFileReference; fileEncoding = 4; lastKnownFileType = text; path = README.markdown; sourceTree = "<group>"; };
		563D136018A460C1009BF1A1 /* CFNetwork.framework */ = {isa = PBXFileReference; lastKnownFileType = wrapper.framework; name = CFNetwork.framework; path = System/Library/Frameworks/CFNetwork.framework; sourceTree = SDKROOT; };
		563D136218A46363009BF1A1 /* Security.framework */ = {isa = PBXFileReference; lastKnownFileType = wrapper.framework; name = Security.framework; path = System/Library/Frameworks/Security.framework; sourceTree = SDKROOT; };
		563D5B5819A4490000AE859C /* slicesampler.pd */ = {isa = PBXFileReference; fileEncoding = 4; lastKnownFileType = text; path = slicesampler.pd; sourceTree = "<group>"; };
		564F58CC19F4A66600BF22D3 /* iOSVersionDetection.h */ = {isa = PBXFileReference; fileEncoding = 4; lastKnownFileType = sourcecode.c.h; path = iOSVersionDetection.h; sourceTree = "<group>"; };
		564F58CD19F4A66600BF22D3 /* MetatoneMidiManager.h */ = {isa = PBXFileReference; fileEncoding = 4; lastKnownFileType = sourcecode.c.h; path = MetatoneMidiManager.h; sourceTree = "<group>"; };
		564F58CE19F4A66600BF22D3 /* MetatoneMidiManager.m */ = {isa = PBXFileReference; fileEncoding = 4; lastKnownFileType = sourcecode.c.objc; path = MetatoneMidiManager.m; sourceTree = "<group>"; };
		564F58CF19F4A66600BF22D3 /* PGArc.h */ = {isa = PBXFileReference; fileEncoding = 4; lastKnownFileType = sourcecode.c.h; path = PGArc.h; sourceTree = "<group>"; };
		564F58D019F4A66600BF22D3 /* PGMidi.h */ = {isa = PBXFileReference; fileEncoding = 4; lastKnownFileType = sourcecode.c.h; path = PGMidi.h; sourceTree = "<group>"; };
		564F58D119F4A66600BF22D3 /* PGMidi.mm */ = {isa = PBXFileReference; fileEncoding = 4; lastKnownFileType = sourcecode.cpp.objcpp; path = PGMidi.mm; sourceTree = "<group>"; };
		564F58D219F4A66600BF22D3 /* PGMidiAllSources.h */ = {isa = PBXFileReference; fileEncoding = 4; lastKnownFileType = sourcecode.c.h; path = PGMidiAllSources.h; sourceTree = "<group>"; };
		564F58D319F4A66600BF22D3 /* PGMidiAllSources.mm */ = {isa = PBXFileReference; fileEncoding = 4; lastKnownFileType = sourcecode.cpp.objcpp; path = PGMidiAllSources.mm; sourceTree = "<group>"; };
		564F58D419F4A66600BF22D3 /* PGMidiFind.h */ = {isa = PBXFileReference; fileEncoding = 4; lastKnownFileType = sourcecode.c.h; path = PGMidiFind.h; sourceTree = "<group>"; };
		564F58D519F4A66600BF22D3 /* PGMidiFind.mm */ = {isa = PBXFileReference; fileEncoding = 4; lastKnownFileType = sourcecode.cpp.objcpp; path = PGMidiFind.mm; sourceTree = "<group>"; };
		565601DA1711957D00E819A3 /* BirdsNest.app */ = {isa = PBXFileReference; explicitFileType = wrapper.application; includeInIndex = 0; path = BirdsNest.app; sourceTree = BUILT_PRODUCTS_DIR; };
		565601DD1711957D00E819A3 /* UIKit.framework */ = {isa = PBXFileReference; lastKnownFileType = wrapper.framework; name = UIKit.framework; path = System/Library/Frameworks/UIKit.framework; sourceTree = SDKROOT; };
		565601DF1711957D00E819A3 /* Foundation.framework */ = {isa = PBXFileReference; lastKnownFileType = wrapper.framework; name = Foundation.framework; path = System/Library/Frameworks/Foundation.framework; sourceTree = SDKROOT; };
		565601E11711957D00E819A3 /* CoreGraphics.framework */ = {isa = PBXFileReference; lastKnownFileType = wrapper.framework; name = CoreGraphics.framework; path = System/Library/Frameworks/CoreGraphics.framework; sourceTree = SDKROOT; };
		565601E51711957D00E819A3 /* BirdsNest-Info.plist */ = {isa = PBXFileReference; lastKnownFileType = text.plist.xml; path = "BirdsNest-Info.plist"; sourceTree = "<group>"; };
		565601E71711957D00E819A3 /* en */ = {isa = PBXFileReference; lastKnownFileType = text.plist.strings; name = en; path = en.lproj/InfoPlist.strings; sourceTree = "<group>"; };
		565601E91711957D00E819A3 /* main.m */ = {isa = PBXFileReference; lastKnownFileType = sourcecode.c.objc; path = main.m; sourceTree = "<group>"; };
		565601EB1711957D00E819A3 /* BirdsNest-Prefix.pch */ = {isa = PBXFileReference; lastKnownFileType = sourcecode.c.h; path = "BirdsNest-Prefix.pch"; sourceTree = "<group>"; };
		565601EC1711957D00E819A3 /* MetatoneAppDelegate.h */ = {isa = PBXFileReference; lastKnownFileType = sourcecode.c.h; path = MetatoneAppDelegate.h; sourceTree = "<group>"; };
		565601ED1711957D00E819A3 /* MetatoneAppDelegate.m */ = {isa = PBXFileReference; lastKnownFileType = sourcecode.c.objc; path = MetatoneAppDelegate.m; sourceTree = "<group>"; };
		565601F91711957D00E819A3 /* en */ = {isa = PBXFileReference; lastKnownFileType = file.storyboard; name = en; path = en.lproj/MainStoryboard_iPad.storyboard; sourceTree = "<group>"; };
		565601FB1711957D00E819A3 /* MetatoneViewController.h */ = {isa = PBXFileReference; lastKnownFileType = sourcecode.c.h; path = MetatoneViewController.h; sourceTree = "<group>"; };
		565601FC1711957D00E819A3 /* MetatoneViewController.m */ = {isa = PBXFileReference; lastKnownFileType = sourcecode.c.objc; path = MetatoneViewController.m; sourceTree = "<group>"; };
		565602031711957D00E819A3 /* BirdsNestTests.octest */ = {isa = PBXFileReference; explicitFileType = wrapper.cfbundle; includeInIndex = 0; path = BirdsNestTests.octest; sourceTree = BUILT_PRODUCTS_DIR; };
		565602041711957D00E819A3 /* SenTestingKit.framework */ = {isa = PBXFileReference; lastKnownFileType = wrapper.framework; name = SenTestingKit.framework; path = Library/Frameworks/SenTestingKit.framework; sourceTree = DEVELOPER_DIR; };
		5656020C1711957D00E819A3 /* BirdsNestTests-Info.plist */ = {isa = PBXFileReference; lastKnownFileType = text.plist.xml; path = "BirdsNestTests-Info.plist"; sourceTree = "<group>"; };
		5656020E1711957D00E819A3 /* en */ = {isa = PBXFileReference; lastKnownFileType = text.plist.strings; name = en; path = en.lproj/InfoPlist.strings; sourceTree = "<group>"; };
		565602101711957D00E819A3 /* MetatoneTests.h */ = {isa = PBXFileReference; lastKnownFileType = sourcecode.c.h; path = MetatoneTests.h; sourceTree = "<group>"; };
		565602111711957D00E819A3 /* MetatoneTests.m */ = {isa = PBXFileReference; lastKnownFileType = sourcecode.c.objc; path = MetatoneTests.m; sourceTree = "<group>"; };
		566FCB62171680CB00E4E83B /* CoreMotion.framework */ = {isa = PBXFileReference; lastKnownFileType = wrapper.framework; name = CoreMotion.framework; path = System/Library/Frameworks/CoreMotion.framework; sourceTree = SDKROOT; };
		5673A94719EF50AE00B0ACDF /* CoreAudio.framework */ = {isa = PBXFileReference; lastKnownFileType = wrapper.framework; name = CoreAudio.framework; path = System/Library/Frameworks/CoreAudio.framework; sourceTree = SDKROOT; };
		5673A94919EF510100B0ACDF /* CoreMIDI.framework */ = {isa = PBXFileReference; lastKnownFileType = wrapper.framework; name = CoreMIDI.framework; path = System/Library/Frameworks/CoreMIDI.framework; sourceTree = SDKROOT; };
		5674219F19A2FE7600777232 /* hillpath.jpg */ = {isa = PBXFileReference; lastKnownFileType = image.jpeg; path = hillpath.jpg; sourceTree = "<group>"; };
		567421A319A31B7E00777232 /* lowblock.wav */ = {isa = PBXFileReference; lastKnownFileType = audio.wav; path = lowblock.wav; sourceTree = "<group>"; };
		568B4E7818341DA5005356A7 /* doodoodoodoo.wav */ = {isa = PBXFileReference; lastKnownFileType = audio.wav; path = doodoodoodoo.wav; sourceTree = "<group>"; };
		568B4E7918341DA5005356A7 /* whirpwhirp.wav */ = {isa = PBXFileReference; lastKnownFileType = audio.wav; path = whirpwhirp.wav; sourceTree = "<group>"; };
		568B4E7A18341DA5005356A7 /* xylo-C.wav */ = {isa = PBXFileReference; lastKnownFileType = audio.wav; path = "xylo-C.wav"; sourceTree = "<group>"; };
		568B4E7B18341DA5005356A7 /* yelpyelpyelp.wav */ = {isa = PBXFileReference; lastKnownFileType = audio.wav; path = yelpyelpyelp.wav; sourceTree = "<group>"; };
		56A0D8DE19EF89BB00CEF76C /* Launch Screen.xib */ = {isa = PBXFileReference; fileEncoding = 4; lastKnownFileType = file.xib; path = "Launch Screen.xib"; sourceTree = "<group>"; };
		56BD3FB11712FA4C004FBB65 /* libpd.xcodeproj */ = {isa = PBXFileReference; lastKnownFileType = "wrapper.pb-project"; name = libpd.xcodeproj; path = "../pd-for-ios/libpd/libpd.xcodeproj"; sourceTree = "<group>"; };
		56BD3FBD1712FAA3004FBB65 /* AudioToolbox.framework */ = {isa = PBXFileReference; lastKnownFileType = wrapper.framework; name = AudioToolbox.framework; path = System/Library/Frameworks/AudioToolbox.framework; sourceTree = SDKROOT; };
		56BD3FBF1712FAAA004FBB65 /* AVFoundation.framework */ = {isa = PBXFileReference; lastKnownFileType = wrapper.framework; name = AVFoundation.framework; path = System/Library/Frameworks/AVFoundation.framework; sourceTree = SDKROOT; };
		56BEC2FA18095F8300D2C201 /* arraysize.c */ = {isa = PBXFileReference; fileEncoding = 4; lastKnownFileType = sourcecode.c.c; path = arraysize.c; sourceTree = "<group>"; };
		56BEC2FC18095F8300D2C201 /* birdsnestsounds.pd */ = {isa = PBXFileReference; fileEncoding = 4; lastKnownFileType = text; path = birdsnestsounds.pd; sourceTree = "<group>"; };
		56BEC2FD18095F8300D2C201 /* percsampler.pd */ = {isa = PBXFileReference; fileEncoding = 4; lastKnownFileType = text; path = percsampler.pd; sourceTree = "<group>"; };
		56BEC2FF18095F8300D2C201 /* ainsliebirds1.wav */ = {isa = PBXFileReference; lastKnownFileType = audio.wav; path = ainsliebirds1.wav; sourceTree = "<group>"; };
		56BEC30018095F8300D2C201 /* ainsliebirds2.wav */ = {isa = PBXFileReference; lastKnownFileType = audio.wav; path = ainsliebirds2.wav; sourceTree = "<group>"; };
		56BEC30118095F8300D2C201 /* ainsliebirds3.wav */ = {isa = PBXFileReference; lastKnownFileType = audio.wav; path = ainsliebirds3.wav; sourceTree = "<group>"; };
		56BEC30218095F8300D2C201 /* cabinbirds1.wav */ = {isa = PBXFileReference; lastKnownFileType = audio.wav; path = cabinbirds1.wav; sourceTree = "<group>"; };
		56BEC30318095F8300D2C201 /* cabinbirds2.wav */ = {isa = PBXFileReference; lastKnownFileType = audio.wav; path = cabinbirds2.wav; sourceTree = "<group>"; };
		56BEC30418095F8300D2C201 /* cabinbirds3.wav */ = {isa = PBXFileReference; lastKnownFileType = audio.wav; path = cabinbirds3.wav; sourceTree = "<group>"; };
		56BEC30518095F8300D2C201 /* drips1.wav */ = {isa = PBXFileReference; lastKnownFileType = audio.wav; path = drips1.wav; sourceTree = "<group>"; };
		56BEC30618095F8300D2C201 /* drips2.wav */ = {isa = PBXFileReference; lastKnownFileType = audio.wav; path = drips2.wav; sourceTree = "<group>"; };
		56BEC30718095F8300D2C201 /* forestfloor1.wav */ = {isa = PBXFileReference; lastKnownFileType = audio.wav; path = forestfloor1.wav; sourceTree = "<group>"; };
		56BEC30818095F8300D2C201 /* forestfloor2.wav */ = {isa = PBXFileReference; lastKnownFileType = audio.wav; path = forestfloor2.wav; sourceTree = "<group>"; };
		56BEC30918095F8300D2C201 /* forestfloor3.wav */ = {isa = PBXFileReference; lastKnownFileType = audio.wav; path = forestfloor3.wav; sourceTree = "<group>"; };
		56BEC30A18095F8300D2C201 /* piteabirds.wav */ = {isa = PBXFileReference; lastKnownFileType = audio.wav; path = piteabirds.wav; sourceTree = "<group>"; };
		56BEC30B18095F8300D2C201 /* stream.wav */ = {isa = PBXFileReference; lastKnownFileType = audio.wav; path = stream.wav; sourceTree = "<group>"; };
		56BEC30C18095F8300D2C201 /* fts_to_pd.h */ = {isa = PBXFileReference; fileEncoding = 4; lastKnownFileType = sourcecode.c.h; path = fts_to_pd.h; sourceTree = "<group>"; };
		56BEC47A18095F8500D2C201 /* cpmlooper.pd */ = {isa = PBXFileReference; fileEncoding = 4; lastKnownFileType = text; path = cpmlooper.pd; sourceTree = "<group>"; };
		56BEC6011809640200D2C201 /* forest.jpg */ = {isa = PBXFileReference; lastKnownFileType = image.jpeg; path = forest.jpg; sourceTree = "<group>"; };
		56BEC6021809640200D2C201 /* path.jpg */ = {isa = PBXFileReference; lastKnownFileType = image.jpeg; path = path.jpg; sourceTree = "<group>"; };
		56BEC6031809640200D2C201 /* treetops.jpg */ = {isa = PBXFileReference; lastKnownFileType = image.jpeg; path = treetops.jpg; sourceTree = "<group>"; };
		56BEC607180967C500D2C201 /* Images.xcassets */ = {isa = PBXFileReference; lastKnownFileType = folder.assetcatalog; name = Images.xcassets; path = BirdsNest/Images.xcassets; sourceTree = "<group>"; };
		56BEC60918096AD000D2C201 /* crotale-C.wav */ = {isa = PBXFileReference; lastKnownFileType = audio.wav; path = "crotale-C.wav"; sourceTree = "<group>"; };
		56D9F2EB171E2EF100B28B75 /* LoopingNote.h */ = {isa = PBXFileReference; fileEncoding = 4; lastKnownFileType = sourcecode.c.h; path = LoopingNote.h; sourceTree = "<group>"; };
		56D9F2EC171E2EF100B28B75 /* LoopingNote.m */ = {isa = PBXFileReference; fileEncoding = 4; lastKnownFileType = sourcecode.c.objc; path = LoopingNote.m; sourceTree = "<group>"; };
		56D9F2F4171E592600B28B75 /* MetatoneTouchView.h */ = {isa = PBXFileReference; fileEncoding = 4; lastKnownFileType = sourcecode.c.h; path = MetatoneTouchView.h; sourceTree = "<group>"; };
		56D9F2F5171E592600B28B75 /* MetatoneTouchView.m */ = {isa = PBXFileReference; fileEncoding = 4; lastKnownFileType = sourcecode.c.objc; path = MetatoneTouchView.m; sourceTree = "<group>"; };
		56D9F2F7171E79A200B28B75 /* QuartzCore.framework */ = {isa = PBXFileReference; lastKnownFileType = wrapper.framework; name = QuartzCore.framework; path = System/Library/Frameworks/QuartzCore.framework; sourceTree = SDKROOT; };
/* End PBXFileReference section */

/* Begin PBXFrameworksBuildPhase section */
		565601D71711957D00E819A3 /* Frameworks */ = {
			isa = PBXFrameworksBuildPhase;
			buildActionMask = 2147483647;
			files = (
				5673A94A19EF510100B0ACDF /* CoreMIDI.framework in Frameworks */,
				5616A59C18FD1F080092983C /* libicucore.dylib in Frameworks */,
				56BD3FBA1712FA5E004FBB65 /* libpd-ios.a in Frameworks */,
				563D136318A46363009BF1A1 /* Security.framework in Frameworks */,
				563D136118A460C1009BF1A1 /* CFNetwork.framework in Frameworks */,
				56D9F2F8171E79A200B28B75 /* QuartzCore.framework in Frameworks */,
				565601E21711957D00E819A3 /* CoreGraphics.framework in Frameworks */,
				56BD3FBE1712FAA3004FBB65 /* AudioToolbox.framework in Frameworks */,
				56BD3FC01712FAAA004FBB65 /* AVFoundation.framework in Frameworks */,
				565601DE1711957D00E819A3 /* UIKit.framework in Frameworks */,
				565601E01711957D00E819A3 /* Foundation.framework in Frameworks */,
			);
			runOnlyForDeploymentPostprocessing = 0;
		};
		565601FF1711957D00E819A3 /* Frameworks */ = {
			isa = PBXFrameworksBuildPhase;
			buildActionMask = 2147483647;
			files = (
				565602051711957D00E819A3 /* SenTestingKit.framework in Frameworks */,
				565602061711957D00E819A3 /* UIKit.framework in Frameworks */,
				565602071711957D00E819A3 /* Foundation.framework in Frameworks */,
			);
			runOnlyForDeploymentPostprocessing = 0;
		};
/* End PBXFrameworksBuildPhase section */

/* Begin PBXGroup section */
		560A732C19F6317000281C5A /* metaPdLibs */ = {
			isa = PBXGroup;
			children = (
				560A732D19F6317000281C5A /* control */,
				560A733219F6317000281C5A /* fx */,
				560A733719F6317000281C5A /* instruments */,
				560A733B19F6317000281C5A /* loadMetaPdLibs.pd */,
				560A733D19F6317000281C5A /* scales */,
			);
			path = metaPdLibs;
			sourceTree = "<group>";
		};
		560A732D19F6317000281C5A /* control */ = {
			isa = PBXGroup;
			children = (
				560A732E19F6317000281C5A /* dispatch.pd */,
				560A732F19F6317000281C5A /* monopan.pd */,
				560A733019F6317000281C5A /* stereovol.pd */,
				560A733119F6317000281C5A /* volumeRandomise.pd */,
			);
			path = control;
			sourceTree = "<group>";
		};
		560A733219F6317000281C5A /* fx */ = {
			isa = PBXGroup;
			children = (
				560A733319F6317000281C5A /* feedbackdelay.pd */,
				560A733419F6317000281C5A /* pitchshift~.pd */,
				560A733519F6317000281C5A /* rev2~.pd */,
				560A733619F6317000281C5A /* rlop~.pd */,
			);
			path = fx;
			sourceTree = "<group>";
		};
		560A733719F6317000281C5A /* instruments */ = {
			isa = PBXGroup;
			children = (
			);
			path = instruments;
			sourceTree = "<group>";
		};
		560A733D19F6317000281C5A /* scales */ = {
			isa = PBXGroup;
			children = (
				560A733E19F6317000281C5A /* m_lydian.pd */,
				560A733F19F6317000281C5A /* m_lydiansharp5.pd */,
				560A734019F6317000281C5A /* m_mixolydian.pd */,
				560A734119F6317000281C5A /* m_phrygian.pd */,
			);
			path = scales;
			sourceTree = "<group>";
		};
		5616A59418FC132D0092983C /* SocketRocket */ = {
			isa = PBXGroup;
			children = (
				5616A59518FC132D0092983C /* SocketRocket-Prefix.pch */,
				5616A59618FC132D0092983C /* SRWebSocket.h */,
				5616A59718FC132D0092983C /* SRWebSocket.m */,
			);
			path = SocketRocket;
			sourceTree = "<group>";
		};
		562C1985171508A600C698FF /* Resources */ = {
			isa = PBXGroup;
			children = (
				5674219F19A2FE7600777232 /* hillpath.jpg */,
				56BEC6011809640200D2C201 /* forest.jpg */,
				56BEC6021809640200D2C201 /* path.jpg */,
				56BEC6031809640200D2C201 /* treetops.jpg */,
			);
			name = Resources;
			sourceTree = "<group>";
		};
		5639BB6B18D15B0E00CD6759 /* MetatoneOSC */ = {
			isa = PBXGroup;
			children = (
				5639BB6C18D15B0E00CD6759 /* F53OSC.h */,
				5639BB6D18D15B0E00CD6759 /* F53OSCBundle.h */,
				5639BB6E18D15B0E00CD6759 /* F53OSCBundle.m */,
				5639BB6F18D15B0E00CD6759 /* F53OSCClient.h */,
				5639BB7018D15B0E00CD6759 /* F53OSCClient.m */,
				5639BB7118D15B0E00CD6759 /* F53OSCFoundationAdditions.h */,
				5639BB7218D15B0E00CD6759 /* F53OSCMessage.h */,
				5639BB7318D15B0E00CD6759 /* F53OSCMessage.m */,
				5639BB7418D15B0E00CD6759 /* F53OSCPacket.h */,
				5639BB7518D15B0E00CD6759 /* F53OSCPacket.m */,
				5639BB7618D15B0E00CD6759 /* F53OSCParser.h */,
				5639BB7718D15B0E00CD6759 /* F53OSCParser.m */,
				5639BB7818D15B0E00CD6759 /* F53OSCProtocols.h */,
				5639BB7918D15B0E00CD6759 /* F53OSCServer.h */,
				5639BB7A18D15B0E00CD6759 /* F53OSCServer.m */,
				5639BB7B18D15B0E00CD6759 /* F53OSCSocket.h */,
				5639BB7C18D15B0E00CD6759 /* F53OSCSocket.m */,
				5639BB7D18D15B0E00CD6759 /* F53OSCTimeTag.h */,
				5639BB7E18D15B0E00CD6759 /* F53OSCTimeTag.m */,
				5639BB7F18D15B0E00CD6759 /* GCDAsyncSocket.h */,
				5639BB8018D15B0E00CD6759 /* GCDAsyncSocket.m */,
				5639BB8118D15B0E00CD6759 /* GCDAsyncUdpSocket.h */,
				5639BB8218D15B0E00CD6759 /* GCDAsyncUdpSocket.m */,
				5639BB8418D15B0E00CD6759 /* MetatoneNetworkManager.h */,
				5639BB8518D15B0E00CD6759 /* MetatoneNetworkManager.m */,
				5639BB8618D15B0E00CD6759 /* NSData+F53OSCBlob.h */,
				5639BB8718D15B0E00CD6759 /* NSData+F53OSCBlob.m */,
				5639BB8818D15B0E00CD6759 /* NSDate+F53OSCTimeTag.h */,
				5639BB8918D15B0E00CD6759 /* NSDate+F53OSCTimeTag.m */,
				5639BB8A18D15B0E00CD6759 /* NSNumber+F53OSCNumber.h */,
				5639BB8B18D15B0E00CD6759 /* NSNumber+F53OSCNumber.m */,
				5639BB8C18D15B0E00CD6759 /* NSString+F53OSCString.h */,
				5639BB8D18D15B0E00CD6759 /* NSString+F53OSCString.m */,
				5639BB8E18D15B0E00CD6759 /* README.markdown */,
			);
			path = MetatoneOSC;
			sourceTree = "<group>";
		};
		564F58CA19F4A66600BF22D3 /* MetatoneMIDI */ = {
			isa = PBXGroup;
			children = (
				564F58CC19F4A66600BF22D3 /* iOSVersionDetection.h */,
				564F58CD19F4A66600BF22D3 /* MetatoneMidiManager.h */,
				564F58CE19F4A66600BF22D3 /* MetatoneMidiManager.m */,
				564F58CF19F4A66600BF22D3 /* PGArc.h */,
				564F58D019F4A66600BF22D3 /* PGMidi.h */,
				564F58D119F4A66600BF22D3 /* PGMidi.mm */,
				564F58D219F4A66600BF22D3 /* PGMidiAllSources.h */,
				564F58D319F4A66600BF22D3 /* PGMidiAllSources.mm */,
				564F58D419F4A66600BF22D3 /* PGMidiFind.h */,
				564F58D519F4A66600BF22D3 /* PGMidiFind.mm */,
			);
			path = MetatoneMIDI;
			sourceTree = "<group>";
		};
		565601D11711957D00E819A3 = {
			isa = PBXGroup;
			children = (
				564F58CA19F4A66600BF22D3 /* MetatoneMIDI */,
				5616A59418FC132D0092983C /* SocketRocket */,
				5639BB6B18D15B0E00CD6759 /* MetatoneOSC */,
				56BEC607180967C500D2C201 /* Images.xcassets */,
				56BEC2F918095F8300D2C201 /* birdsnestinstrument */,
				565601E31711957D00E819A3 /* Metatone */,
				5656020A1711957D00E819A3 /* MetatoneTests */,
				565601DC1711957D00E819A3 /* Frameworks */,
				565601DB1711957D00E819A3 /* Products */,
				56BD3FB11712FA4C004FBB65 /* libpd.xcodeproj */,
			);
			sourceTree = "<group>";
		};
		565601DB1711957D00E819A3 /* Products */ = {
			isa = PBXGroup;
			children = (
				565601DA1711957D00E819A3 /* BirdsNest.app */,
				565602031711957D00E819A3 /* BirdsNestTests.octest */,
			);
			name = Products;
			sourceTree = "<group>";
		};
		565601DC1711957D00E819A3 /* Frameworks */ = {
			isa = PBXGroup;
			children = (
				5673A94919EF510100B0ACDF /* CoreMIDI.framework */,
				5673A94719EF50AE00B0ACDF /* CoreAudio.framework */,
				5616A59B18FD1F080092983C /* libicucore.dylib */,
				563D136218A46363009BF1A1 /* Security.framework */,
				563D136018A460C1009BF1A1 /* CFNetwork.framework */,
				56D9F2F7171E79A200B28B75 /* QuartzCore.framework */,
				566FCB62171680CB00E4E83B /* CoreMotion.framework */,
				56BD3FBF1712FAAA004FBB65 /* AVFoundation.framework */,
				56BD3FBD1712FAA3004FBB65 /* AudioToolbox.framework */,
				565601DD1711957D00E819A3 /* UIKit.framework */,
				565601DF1711957D00E819A3 /* Foundation.framework */,
				565601E11711957D00E819A3 /* CoreGraphics.framework */,
				565602041711957D00E819A3 /* SenTestingKit.framework */,
			);
			name = Frameworks;
			sourceTree = "<group>";
		};
		565601E31711957D00E819A3 /* Metatone */ = {
			isa = PBXGroup;
			children = (
				565601EC1711957D00E819A3 /* MetatoneAppDelegate.h */,
				565601ED1711957D00E819A3 /* MetatoneAppDelegate.m */,
				565601F81711957D00E819A3 /* MainStoryboard_iPad.storyboard */,
				56D9F2F4171E592600B28B75 /* MetatoneTouchView.h */,
				56D9F2F5171E592600B28B75 /* MetatoneTouchView.m */,
				565601FB1711957D00E819A3 /* MetatoneViewController.h */,
				565601FC1711957D00E819A3 /* MetatoneViewController.m */,
				561CE01517882267009ECCFA /* ScaleMaker.h */,
				561CE01617882267009ECCFA /* ScaleMaker.m */,
				56D9F2EB171E2EF100B28B75 /* LoopingNote.h */,
				56D9F2EC171E2EF100B28B75 /* LoopingNote.m */,
				562C1985171508A600C698FF /* Resources */,
				565601E41711957D00E819A3 /* Supporting Files */,
				56A0D8DE19EF89BB00CEF76C /* Launch Screen.xib */,
			);
			path = Metatone;
			sourceTree = "<group>";
		};
		565601E41711957D00E819A3 /* Supporting Files */ = {
			isa = PBXGroup;
			children = (
				565601E51711957D00E819A3 /* BirdsNest-Info.plist */,
				565601E61711957D00E819A3 /* InfoPlist.strings */,
				565601E91711957D00E819A3 /* main.m */,
				565601EB1711957D00E819A3 /* BirdsNest-Prefix.pch */,
			);
			name = "Supporting Files";
			sourceTree = "<group>";
		};
		5656020A1711957D00E819A3 /* MetatoneTests */ = {
			isa = PBXGroup;
			children = (
				565602101711957D00E819A3 /* MetatoneTests.h */,
				565602111711957D00E819A3 /* MetatoneTests.m */,
				5656020B1711957D00E819A3 /* Supporting Files */,
			);
			path = MetatoneTests;
			sourceTree = "<group>";
		};
		5656020B1711957D00E819A3 /* Supporting Files */ = {
			isa = PBXGroup;
			children = (
				5656020C1711957D00E819A3 /* BirdsNestTests-Info.plist */,
				5656020D1711957D00E819A3 /* InfoPlist.strings */,
			);
			name = "Supporting Files";
			sourceTree = "<group>";
		};
		56BD3FB21712FA4C004FBB65 /* Products */ = {
			isa = PBXGroup;
			children = (
				56BD3FB71712FA4C004FBB65 /* libpd-ios.a */,
				56BD3FB91712FA4C004FBB65 /* libpd-osx.a */,
			);
			name = Products;
			sourceTree = "<group>";
		};
		56BEC2F918095F8300D2C201 /* birdsnestinstrument */ = {
			isa = PBXGroup;
			children = (
				560A732C19F6317000281C5A /* metaPdLibs */,
				563D5B5819A4490000AE859C /* slicesampler.pd */,
				56BEC2FA18095F8300D2C201 /* arraysize.c */,
				56BEC2FC18095F8300D2C201 /* birdsnestsounds.pd */,
				56BEC2FD18095F8300D2C201 /* percsampler.pd */,
				56BEC2FE18095F8300D2C201 /* fieldrecordings */,
				56BEC30C18095F8300D2C201 /* fts_to_pd.h */,
				56BEC31118095F8300D2C201 /* percsamples */,
				56BEC47A18095F8500D2C201 /* cpmlooper.pd */,
			);
			path = birdsnestinstrument;
			sourceTree = "<group>";
		};
		56BEC2FE18095F8300D2C201 /* fieldrecordings */ = {
			isa = PBXGroup;
			children = (
				56BEC2FF18095F8300D2C201 /* ainsliebirds1.wav */,
				56BEC30018095F8300D2C201 /* ainsliebirds2.wav */,
				56BEC30118095F8300D2C201 /* ainsliebirds3.wav */,
				56BEC30218095F8300D2C201 /* cabinbirds1.wav */,
				56BEC30318095F8300D2C201 /* cabinbirds2.wav */,
				56BEC30418095F8300D2C201 /* cabinbirds3.wav */,
				56BEC30518095F8300D2C201 /* drips1.wav */,
				56BEC30618095F8300D2C201 /* drips2.wav */,
				56BEC30718095F8300D2C201 /* forestfloor1.wav */,
				56BEC30818095F8300D2C201 /* forestfloor2.wav */,
				56BEC30918095F8300D2C201 /* forestfloor3.wav */,
				56BEC30A18095F8300D2C201 /* piteabirds.wav */,
				56BEC30B18095F8300D2C201 /* stream.wav */,
			);
			path = fieldrecordings;
			sourceTree = "<group>";
		};
		56BEC31118095F8300D2C201 /* percsamples */ = {
			isa = PBXGroup;
			children = (
				567421A319A31B7E00777232 /* lowblock.wav */,
				568B4E7818341DA5005356A7 /* doodoodoodoo.wav */,
				568B4E7918341DA5005356A7 /* whirpwhirp.wav */,
				568B4E7A18341DA5005356A7 /* xylo-C.wav */,
				568B4E7B18341DA5005356A7 /* yelpyelpyelp.wav */,
				56BEC60918096AD000D2C201 /* crotale-C.wav */,
			);
			path = percsamples;
			sourceTree = "<group>";
		};
/* End PBXGroup section */

/* Begin PBXNativeTarget section */
		565601D91711957D00E819A3 /* BirdsNest */ = {
			isa = PBXNativeTarget;
			buildConfigurationList = 565602151711957D00E819A3 /* Build configuration list for PBXNativeTarget "BirdsNest" */;
			buildPhases = (
				565601D61711957D00E819A3 /* Sources */,
				565601D71711957D00E819A3 /* Frameworks */,
				565601D81711957D00E819A3 /* Resources */,
			);
			buildRules = (
			);
			dependencies = (
			);
			name = BirdsNest;
			productName = Metatone;
			productReference = 565601DA1711957D00E819A3 /* BirdsNest.app */;
			productType = "com.apple.product-type.application";
		};
		565602021711957D00E819A3 /* BirdsNestTests */ = {
			isa = PBXNativeTarget;
			buildConfigurationList = 565602181711957D00E819A3 /* Build configuration list for PBXNativeTarget "BirdsNestTests" */;
			buildPhases = (
				565601FE1711957D00E819A3 /* Sources */,
				565601FF1711957D00E819A3 /* Frameworks */,
				565602001711957D00E819A3 /* Resources */,
				565602011711957D00E819A3 /* ShellScript */,
			);
			buildRules = (
			);
			dependencies = (
				565602091711957D00E819A3 /* PBXTargetDependency */,
			);
			name = BirdsNestTests;
			productName = MetatoneTests;
			productReference = 565602031711957D00E819A3 /* BirdsNestTests.octest */;
			productType = "com.apple.product-type.bundle.ocunit-test";
		};
/* End PBXNativeTarget section */

/* Begin PBXProject section */
		565601D21711957D00E819A3 /* Project object */ = {
			isa = PBXProject;
			attributes = {
				CLASSPREFIX = Metatone;
				LastTestingUpgradeCheck = 0510;
				LastUpgradeCheck = 0600;
				ORGANIZATIONNAME = "Charles Martin";
				TargetAttributes = {
					565601D91711957D00E819A3 = {
						DevelopmentTeam = EDH387FRHA;
					};
				};
			};
			buildConfigurationList = 565601D51711957D00E819A3 /* Build configuration list for PBXProject "BirdsNest" */;
			compatibilityVersion = "Xcode 3.2";
			developmentRegion = English;
			hasScannedForEncodings = 0;
			knownRegions = (
				en,
			);
			mainGroup = 565601D11711957D00E819A3;
			productRefGroup = 565601DB1711957D00E819A3 /* Products */;
			projectDirPath = "";
			projectReferences = (
				{
					ProductGroup = 56BD3FB21712FA4C004FBB65 /* Products */;
					ProjectRef = 56BD3FB11712FA4C004FBB65 /* libpd.xcodeproj */;
				},
			);
			projectRoot = "";
			targets = (
				565601D91711957D00E819A3 /* BirdsNest */,
				565602021711957D00E819A3 /* BirdsNestTests */,
			);
		};
/* End PBXProject section */

/* Begin PBXReferenceProxy section */
		56BD3FB71712FA4C004FBB65 /* libpd-ios.a */ = {
			isa = PBXReferenceProxy;
			fileType = archive.ar;
			path = "libpd-ios.a";
			remoteRef = 56BD3FB61712FA4C004FBB65 /* PBXContainerItemProxy */;
			sourceTree = BUILT_PRODUCTS_DIR;
		};
		56BD3FB91712FA4C004FBB65 /* libpd-osx.a */ = {
			isa = PBXReferenceProxy;
			fileType = archive.ar;
			path = "libpd-osx.a";
			remoteRef = 56BD3FB81712FA4C004FBB65 /* PBXContainerItemProxy */;
			sourceTree = BUILT_PRODUCTS_DIR;
		};
/* End PBXReferenceProxy section */

/* Begin PBXResourcesBuildPhase section */
		565601D81711957D00E819A3 /* Resources */ = {
			isa = PBXResourcesBuildPhase;
			buildActionMask = 2147483647;
			files = (
				560A735119F6317000281C5A /* m_mixolydian.pd in Resources */,
				565601E81711957D00E819A3 /* InfoPlist.strings in Resources */,
				568B4E7E18341DA5005356A7 /* xylo-C.wav in Resources */,
				560A735219F6317000281C5A /* m_phrygian.pd in Resources */,
				560A734D19F6317000281C5A /* loadMetaPdLibs.pd in Resources */,
				56BEC48318095F8500D2C201 /* percsampler.pd in Resources */,
				56BEC48E18095F8500D2C201 /* forestfloor3.wav in Resources */,
				560A734F19F6317000281C5A /* m_lydian.pd in Resources */,
				560A735019F6317000281C5A /* m_lydiansharp5.pd in Resources */,
				56BEC48218095F8500D2C201 /* birdsnestsounds.pd in Resources */,
				56A0D8DF19EF89BB00CEF76C /* Launch Screen.xib in Resources */,
				568B4E7C18341DA5005356A7 /* doodoodoodoo.wav in Resources */,
				56BEC48B18095F8500D2C201 /* drips2.wav in Resources */,
				56BEC48418095F8500D2C201 /* ainsliebirds1.wav in Resources */,
				565601FA1711957D00E819A3 /* MainStoryboard_iPad.storyboard in Resources */,
				563D5B5919A4490000AE859C /* slicesampler.pd in Resources */,
				560A734519F6317000281C5A /* volumeRandomise.pd in Resources */,
				56BEC6061809640200D2C201 /* treetops.jpg in Resources */,
				56BEC48D18095F8500D2C201 /* forestfloor2.wav in Resources */,
				560A734319F6317000281C5A /* monopan.pd in Resources */,
				56BEC48618095F8500D2C201 /* ainsliebirds3.wav in Resources */,
				56BEC48518095F8500D2C201 /* ainsliebirds2.wav in Resources */,
				56BEC48F18095F8500D2C201 /* piteabirds.wav in Resources */,
				560A734619F6317000281C5A /* feedbackdelay.pd in Resources */,
				56BEC48C18095F8500D2C201 /* forestfloor1.wav in Resources */,
				56BEC48918095F8500D2C201 /* cabinbirds3.wav in Resources */,
				56BEC608180967C500D2C201 /* Images.xcassets in Resources */,
				56BEC6041809640200D2C201 /* forest.jpg in Resources */,
				560A734819F6317000281C5A /* rev2~.pd in Resources */,
				560A734719F6317000281C5A /* pitchshift~.pd in Resources */,
				560A734419F6317000281C5A /* stereovol.pd in Resources */,
				56BEC6051809640200D2C201 /* path.jpg in Resources */,
				568B4E7F18341DA5005356A7 /* yelpyelpyelp.wav in Resources */,
				56BEC48818095F8500D2C201 /* cabinbirds2.wav in Resources */,
				560A734919F6317000281C5A /* rlop~.pd in Resources */,
				56BEC49018095F8500D2C201 /* stream.wav in Resources */,
				56BEC48A18095F8500D2C201 /* drips1.wav in Resources */,
				567421A019A2FE7600777232 /* hillpath.jpg in Resources */,
				560A734219F6317000281C5A /* dispatch.pd in Resources */,
				56BEC60A18096AD000D2C201 /* crotale-C.wav in Resources */,
				567421A419A31B7E00777232 /* lowblock.wav in Resources */,
				56BEC48718095F8500D2C201 /* cabinbirds1.wav in Resources */,
				5639BB9F18D15B0E00CD6759 /* README.markdown in Resources */,
				568B4E7D18341DA5005356A7 /* whirpwhirp.wav in Resources */,
				56BEC5FC18095F8500D2C201 /* cpmlooper.pd in Resources */,
			);
			runOnlyForDeploymentPostprocessing = 0;
		};
		565602001711957D00E819A3 /* Resources */ = {
			isa = PBXResourcesBuildPhase;
			buildActionMask = 2147483647;
			files = (
				5656020F1711957D00E819A3 /* InfoPlist.strings in Resources */,
			);
			runOnlyForDeploymentPostprocessing = 0;
		};
/* End PBXResourcesBuildPhase section */

/* Begin PBXShellScriptBuildPhase section */
		565602011711957D00E819A3 /* ShellScript */ = {
			isa = PBXShellScriptBuildPhase;
			buildActionMask = 2147483647;
			files = (
			);
			inputPaths = (
			);
			outputPaths = (
			);
			runOnlyForDeploymentPostprocessing = 0;
			shellPath = /bin/sh;
			shellScript = "# Run the unit tests in this test bundle.\n\"${SYSTEM_DEVELOPER_DIR}/Tools/RunUnitTests\"\n";
		};
/* End PBXShellScriptBuildPhase section */

/* Begin PBXSourcesBuildPhase section */
		565601D61711957D00E819A3 /* Sources */ = {
			isa = PBXSourcesBuildPhase;
			buildActionMask = 2147483647;
			files = (
				5639BB9718D15B0E00CD6759 /* GCDAsyncSocket.m in Sources */,
				5639BB9118D15B0E00CD6759 /* F53OSCMessage.m in Sources */,
				5639BB9318D15B0E00CD6759 /* F53OSCParser.m in Sources */,
				564F58D819F4A66600BF22D3 /* MetatoneMidiManager.m in Sources */,
				564F58DA19F4A66600BF22D3 /* PGMidiAllSources.mm in Sources */,
				564F58DB19F4A66600BF22D3 /* PGMidiFind.mm in Sources */,
				565601EA1711957D00E819A3 /* main.m in Sources */,
				5639BB9618D15B0E00CD6759 /* F53OSCTimeTag.m in Sources */,
				5639BB9E18D15B0E00CD6759 /* NSString+F53OSCString.m in Sources */,
				5639BB9A18D15B0E00CD6759 /* MetatoneNetworkManager.m in Sources */,
				5639BB9818D15B0E00CD6759 /* GCDAsyncUdpSocket.m in Sources */,
				5639BB9B18D15B0E00CD6759 /* NSData+F53OSCBlob.m in Sources */,
				5639BB9518D15B0E00CD6759 /* F53OSCSocket.m in Sources */,
				565601EE1711957D00E819A3 /* MetatoneAppDelegate.m in Sources */,
				565601FD1711957D00E819A3 /* MetatoneViewController.m in Sources */,
				5639BB9018D15B0E00CD6759 /* F53OSCClient.m in Sources */,
				5639BB9D18D15B0E00CD6759 /* NSNumber+F53OSCNumber.m in Sources */,
				56D9F2F6171E592600B28B75 /* MetatoneTouchView.m in Sources */,
				5639BB9C18D15B0E00CD6759 /* NSDate+F53OSCTimeTag.m in Sources */,
				56BEC48018095F8500D2C201 /* arraysize.c in Sources */,
				56D9F2ED171E2EF100B28B75 /* LoopingNote.m in Sources */,
				5639BB8F18D15B0E00CD6759 /* F53OSCBundle.m in Sources */,
				5639BB9218D15B0E00CD6759 /* F53OSCPacket.m in Sources */,
				5616A59818FC132D0092983C /* SRWebSocket.m in Sources */,
				561CE01717882267009ECCFA /* ScaleMaker.m in Sources */,
				564F58D919F4A66600BF22D3 /* PGMidi.mm in Sources */,
				5639BB9418D15B0E00CD6759 /* F53OSCServer.m in Sources */,
			);
			runOnlyForDeploymentPostprocessing = 0;
		};
		565601FE1711957D00E819A3 /* Sources */ = {
			isa = PBXSourcesBuildPhase;
			buildActionMask = 2147483647;
			files = (
				565602121711957D00E819A3 /* MetatoneTests.m in Sources */,
			);
			runOnlyForDeploymentPostprocessing = 0;
		};
/* End PBXSourcesBuildPhase section */

/* Begin PBXTargetDependency section */
		565602091711957D00E819A3 /* PBXTargetDependency */ = {
			isa = PBXTargetDependency;
			target = 565601D91711957D00E819A3 /* BirdsNest */;
			targetProxy = 565602081711957D00E819A3 /* PBXContainerItemProxy */;
		};
/* End PBXTargetDependency section */

/* Begin PBXVariantGroup section */
		565601E61711957D00E819A3 /* InfoPlist.strings */ = {
			isa = PBXVariantGroup;
			children = (
				565601E71711957D00E819A3 /* en */,
			);
			name = InfoPlist.strings;
			sourceTree = "<group>";
		};
		565601F81711957D00E819A3 /* MainStoryboard_iPad.storyboard */ = {
			isa = PBXVariantGroup;
			children = (
				565601F91711957D00E819A3 /* en */,
			);
			name = MainStoryboard_iPad.storyboard;
			sourceTree = "<group>";
		};
		5656020D1711957D00E819A3 /* InfoPlist.strings */ = {
			isa = PBXVariantGroup;
			children = (
				5656020E1711957D00E819A3 /* en */,
			);
			name = InfoPlist.strings;
			sourceTree = "<group>";
		};
/* End PBXVariantGroup section */

/* Begin XCBuildConfiguration section */
		565602131711957D00E819A3 /* Debug */ = {
			isa = XCBuildConfiguration;
			buildSettings = {
				ALWAYS_SEARCH_USER_PATHS = YES;
				CLANG_CXX_LANGUAGE_STANDARD = "gnu++0x";
				CLANG_CXX_LIBRARY = "libc++";
				CLANG_ENABLE_OBJC_ARC = YES;
				CLANG_WARN_CONSTANT_CONVERSION = YES;
				CLANG_WARN_EMPTY_BODY = YES;
				CLANG_WARN_ENUM_CONVERSION = YES;
				CLANG_WARN_INT_CONVERSION = YES;
				CLANG_WARN__DUPLICATE_METHOD_MATCH = YES;
				"CODE_SIGN_IDENTITY[sdk=iphoneos*]" = "iPhone Developer";
				COPY_PHASE_STRIP = NO;
				GCC_C_LANGUAGE_STANDARD = gnu99;
				GCC_DYNAMIC_NO_PIC = NO;
				GCC_OPTIMIZATION_LEVEL = 0;
				GCC_PREPROCESSOR_DEFINITIONS = (
					"DEBUG=1",
					"$(inherited)",
				);
				GCC_SYMBOLS_PRIVATE_EXTERN = NO;
				GCC_WARN_ABOUT_RETURN_TYPE = YES;
				GCC_WARN_UNINITIALIZED_AUTOS = YES;
				GCC_WARN_UNUSED_VARIABLE = YES;
				IPHONEOS_DEPLOYMENT_TARGET = 8.0;
				ONLY_ACTIVE_ARCH = YES;
				SDKROOT = iphoneos;
				TARGETED_DEVICE_FAMILY = 2;
				USER_HEADER_SEARCH_PATHS = "../pd-for-ios/libpd/**";
				VALID_ARCHS = "armv7 armv7s arm64";
			};
			name = Debug;
		};
		565602141711957D00E819A3 /* Release */ = {
			isa = XCBuildConfiguration;
			buildSettings = {
				ALWAYS_SEARCH_USER_PATHS = YES;
				CLANG_CXX_LANGUAGE_STANDARD = "gnu++0x";
				CLANG_CXX_LIBRARY = "libc++";
				CLANG_ENABLE_OBJC_ARC = YES;
				CLANG_WARN_CONSTANT_CONVERSION = YES;
				CLANG_WARN_EMPTY_BODY = YES;
				CLANG_WARN_ENUM_CONVERSION = YES;
				CLANG_WARN_INT_CONVERSION = YES;
				CLANG_WARN__DUPLICATE_METHOD_MATCH = YES;
				CODE_SIGN_IDENTITY = "iPhone Distribution";
				"CODE_SIGN_IDENTITY[sdk=iphoneos*]" = "iPhone Distribution";
				COPY_PHASE_STRIP = YES;
				GCC_C_LANGUAGE_STANDARD = gnu99;
				GCC_WARN_ABOUT_RETURN_TYPE = YES;
				GCC_WARN_UNINITIALIZED_AUTOS = YES;
				GCC_WARN_UNUSED_VARIABLE = YES;
				IPHONEOS_DEPLOYMENT_TARGET = 8.0;
				ONLY_ACTIVE_ARCH = NO;
				OTHER_CFLAGS = "-DNS_BLOCK_ASSERTIONS=1";
				PROVISIONING_PROFILE = "3644D1A0-6177-4B1F-AD65-FC6B3A5B972D";
				"PROVISIONING_PROFILE[sdk=iphoneos*]" = "3644D1A0-6177-4B1F-AD65-FC6B3A5B972D";
				SDKROOT = iphoneos;
				TARGETED_DEVICE_FAMILY = 2;
				USER_HEADER_SEARCH_PATHS = "../pd-for-ios/libpd/**";
				VALIDATE_PRODUCT = YES;
				VALID_ARCHS = "armv7 armv7s arm64";
			};
			name = Release;
		};
		565602161711957D00E819A3 /* Debug */ = {
			isa = XCBuildConfiguration;
			buildSettings = {
				ASSETCATALOG_COMPILER_APPICON_NAME = AppIcon;
				CODE_SIGN_IDENTITY = "iPhone Developer";
				"CODE_SIGN_IDENTITY[sdk=iphoneos*]" = "iPhone Developer";
				GCC_PRECOMPILE_PREFIX_HEADER = YES;
				GCC_PREFIX_HEADER = "Metatone/BirdsNest-Prefix.pch";
				INFOPLIST_FILE = "Metatone/BirdsNest-Info.plist";
				IPHONEOS_DEPLOYMENT_TARGET = 8.0;
				ONLY_ACTIVE_ARCH = YES;
				OTHER_LDFLAGS = "";
				PRODUCT_NAME = BirdsNest;
				PROVISIONING_PROFILE = "";
				TARGETED_DEVICE_FAMILY = "1,2";
				USER_HEADER_SEARCH_PATHS = "../pd-for-ios/libpd/**";
				WRAPPER_EXTENSION = app;
			};
			name = Debug;
		};
		565602171711957D00E819A3 /* Release */ = {
			isa = XCBuildConfiguration;
			buildSettings = {
				ASSETCATALOG_COMPILER_APPICON_NAME = AppIcon;
				CODE_SIGN_IDENTITY = "iPhone Developer";
				"CODE_SIGN_IDENTITY[sdk=iphoneos*]" = "iPhone Developer";
				GCC_PRECOMPILE_PREFIX_HEADER = YES;
				GCC_PREFIX_HEADER = "Metatone/BirdsNest-Prefix.pch";
				INFOPLIST_FILE = "Metatone/BirdsNest-Info.plist";
				IPHONEOS_DEPLOYMENT_TARGET = 8.0;
				ONLY_ACTIVE_ARCH = NO;
				OTHER_LDFLAGS = "";
				PRODUCT_NAME = BirdsNest;
				PROVISIONING_PROFILE = "";
				"PROVISIONING_PROFILE[sdk=iphoneos*]" = "";
				TARGETED_DEVICE_FAMILY = "1,2";
				USER_HEADER_SEARCH_PATHS = "../pd-for-ios/libpd/**";
				WRAPPER_EXTENSION = app;
			};
			name = Release;
		};
		565602191711957D00E819A3 /* Debug */ = {
			isa = XCBuildConfiguration;
			buildSettings = {
				BUNDLE_LOADER = "$(BUILT_PRODUCTS_DIR)/Metatone.app/Metatone";
				FRAMEWORK_SEARCH_PATHS = (
					"\"$(SDKROOT)/Developer/Library/Frameworks\"",
					"\"$(DEVELOPER_LIBRARY_DIR)/Frameworks\"",
				);
				GCC_PRECOMPILE_PREFIX_HEADER = YES;
				GCC_PREFIX_HEADER = "Metatone/Metatone-Prefix.pch";
				INFOPLIST_FILE = "MetatoneTests/BirdsNestTests-Info.plist";
				PRODUCT_NAME = BirdsNestTests;
				TEST_HOST = "$(BUNDLE_LOADER)";
				WRAPPER_EXTENSION = octest;
			};
			name = Debug;
		};
		5656021A1711957D00E819A3 /* Release */ = {
			isa = XCBuildConfiguration;
			buildSettings = {
				BUNDLE_LOADER = "$(BUILT_PRODUCTS_DIR)/Metatone.app/Metatone";
				FRAMEWORK_SEARCH_PATHS = (
					"\"$(SDKROOT)/Developer/Library/Frameworks\"",
					"\"$(DEVELOPER_LIBRARY_DIR)/Frameworks\"",
				);
				GCC_PRECOMPILE_PREFIX_HEADER = YES;
				GCC_PREFIX_HEADER = "Metatone/Metatone-Prefix.pch";
				INFOPLIST_FILE = "MetatoneTests/BirdsNestTests-Info.plist";
				PRODUCT_NAME = BirdsNestTests;
				TEST_HOST = "$(BUNDLE_LOADER)";
				WRAPPER_EXTENSION = octest;
			};
			name = Release;
		};
/* End XCBuildConfiguration section */

/* Begin XCConfigurationList section */
		565601D51711957D00E819A3 /* Build configuration list for PBXProject "BirdsNest" */ = {
			isa = XCConfigurationList;
			buildConfigurations = (
				565602131711957D00E819A3 /* Debug */,
				565602141711957D00E819A3 /* Release */,
			);
			defaultConfigurationIsVisible = 0;
			defaultConfigurationName = Release;
		};
		565602151711957D00E819A3 /* Build configuration list for PBXNativeTarget "BirdsNest" */ = {
			isa = XCConfigurationList;
			buildConfigurations = (
				565602161711957D00E819A3 /* Debug */,
				565602171711957D00E819A3 /* Release */,
			);
			defaultConfigurationIsVisible = 0;
			defaultConfigurationName = Release;
		};
		565602181711957D00E819A3 /* Build configuration list for PBXNativeTarget "BirdsNestTests" */ = {
			isa = XCConfigurationList;
			buildConfigurations = (
				565602191711957D00E819A3 /* Debug */,
				5656021A1711957D00E819A3 /* Release */,
			);
			defaultConfigurationIsVisible = 0;
			defaultConfigurationName = Release;
		};
/* End XCConfigurationList section */
	};
	rootObject = 565601D21711957D00E819A3 /* Project object */;
}
